
Microsoft Visual Studio Solution File, Format Version 12.00
# Visual Studio Version 16
VisualStudioVersion = 16.0.29505.145
MinimumVisualStudioVersion = 15.0.26124.0
Project("{9A19103F-16F7-4668-BE54-9A1E7A4F7556}") = "WePing", "WePing\src\WePing\WePing.csproj", "{59D2D0CF-CCB7-4921-A7EA-E08E3F73B978}"
EndProject
Project("{9A19103F-16F7-4668-BE54-9A1E7A4F7556}") = "WePing.domain", "WePing.domain\src\WePing.domain\WePing.domain.csproj", "{52389618-8A72-4AE7-A211-DFA462046437}"
EndProject
Project("{9A19103F-16F7-4668-BE54-9A1E7A4F7556}") = "WePing.Service.Spid", "WePing.Service.Spid\src\WePing.Service.Spid\WePing.Service.Spid.csproj", "{162CC34C-AA73-4549-858D-DC9B20C75884}"
EndProject
Project("{9A19103F-16F7-4668-BE54-9A1E7A4F7556}") = "weping.api", "WePing.api\src\weping.api\weping.api.csproj", "{419BC56E-90C4-41A5-A645-AECFFE39BCBE}"
EndProject
Project("{2150E333-8FDC-42A3-9474-1A3956D46DE8}") = "Application", "Application", "{72FE9366-D37A-49F6-8D6A-E0807A1B3F19}"
EndProject
Project("{2150E333-8FDC-42A3-9474-1A3956D46DE8}") = "WeRedux", "WeRedux", "{35CEBB8F-151B-4C70-97DD-2688C7CAB833}"
EndProject
Project("{9A19103F-16F7-4668-BE54-9A1E7A4F7556}") = "WeRedux", "..\WeRedux\src\WeRedux\WeRedux.csproj", "{8983C869-A7E8-469B-8B85-1BDAF9861852}"
EndProject
Project("{9A19103F-16F7-4668-BE54-9A1E7A4F7556}") = "WeReduxBlazor", "..\WeRedux\src\WeReduxBlazor\WeReduxBlazor.csproj", "{FF1A57CE-C649-4F2D-ABAC-5AAC14D9040E}"
EndProject
Project("{9A19103F-16F7-4668-BE54-9A1E7A4F7556}") = "RxTest", "WePing\RxTest\RxTest.csproj", "{BC22C361-E4A6-4C1A-B5E8-70858C9EB299}"
EndProject
Project("{2150E333-8FDC-42A3-9474-1A3956D46DE8}") = "Libs", "Libs", "{3FAC1334-8FE7-4C0E-8DE4-E60129A47C47}"
EndProject
Project("{2150E333-8FDC-42A3-9474-1A3956D46DE8}") = "Tests", "Tests", "{83506CCE-47F7-40F5-B2AE-3E8227BDB7A0}"
EndProject
Project("{2150E333-8FDC-42A3-9474-1A3956D46DE8}") = "WeStrap", "WeStrap", "{3B8BAC82-A8BF-43D3-92DA-38503428E3F1}"
EndProject
Project("{9A19103F-16F7-4668-BE54-9A1E7A4F7556}") = "WeStrap", "..\WeStrap\src\WeStrap\WeStrap.csproj", "{8EA0B58E-6466-46EE-A459-D23709E0DC7C}"
EndProject
Project("{2150E333-8FDC-42A3-9474-1A3956D46DE8}") = "WeQuery", "WeQuery", "{E54553AB-4F08-4FAA-B111-1219A0E58058}"
EndProject
Project("{9A19103F-16F7-4668-BE54-9A1E7A4F7556}") = "WeQuery", "..\WeStrap\src\WeQuery\WeQuery.csproj", "{0571D027-00EE-4998-8C76-FB531C56046A}"
EndProject
Project("{9A19103F-16F7-4668-BE54-9A1E7A4F7556}") = "WeChart", "..\WeStrap\src\WeChart\WeChart.csproj", "{8DB31DD0-C5BE-4794-9762-E6F70CA96A00}"
EndProject
Project("{9A19103F-16F7-4668-BE54-9A1E7A4F7556}") = "WeCommon", "..\WeStrap\src\WeCommon\WeCommon.csproj", "{6F4A975A-F50A-420B-B6CC-553183281458}"
EndProject
Project("{9A19103F-16F7-4668-BE54-9A1E7A4F7556}") = "WeColor", "..\WeStrap\src\WeColor\WeColor.csproj", "{A15B8B94-9DFE-40F5-8681-8C81039646C3}"
EndProject
Project("{9A19103F-16F7-4668-BE54-9A1E7A4F7556}") = "MicroS-Common", "..\MicroS-Common\src\MicroS-Common\MicroS-Common.csproj", "{D5FCF5D3-BA3D-43F0-A88A-09143EB924E5}"
EndProject
Global
	GlobalSection(SolutionConfigurationPlatforms) = preSolution
		Debug|Any CPU = Debug|Any CPU
		Debug|x64 = Debug|x64
		Debug|x86 = Debug|x86
		Release|Any CPU = Release|Any CPU
		Release|x64 = Release|x64
		Release|x86 = Release|x86
	EndGlobalSection
	GlobalSection(ProjectConfigurationPlatforms) = postSolution
		{59D2D0CF-CCB7-4921-A7EA-E08E3F73B978}.Debug|Any CPU.ActiveCfg = Debug|Any CPU
		{59D2D0CF-CCB7-4921-A7EA-E08E3F73B978}.Debug|Any CPU.Build.0 = Debug|Any CPU
		{59D2D0CF-CCB7-4921-A7EA-E08E3F73B978}.Debug|x64.ActiveCfg = Debug|Any CPU
		{59D2D0CF-CCB7-4921-A7EA-E08E3F73B978}.Debug|x64.Build.0 = Debug|Any CPU
		{59D2D0CF-CCB7-4921-A7EA-E08E3F73B978}.Debug|x86.ActiveCfg = Debug|Any CPU
		{59D2D0CF-CCB7-4921-A7EA-E08E3F73B978}.Debug|x86.Build.0 = Debug|Any CPU
		{59D2D0CF-CCB7-4921-A7EA-E08E3F73B978}.Release|Any CPU.ActiveCfg = Release|Any CPU
		{59D2D0CF-CCB7-4921-A7EA-E08E3F73B978}.Release|Any CPU.Build.0 = Release|Any CPU
		{59D2D0CF-CCB7-4921-A7EA-E08E3F73B978}.Release|x64.ActiveCfg = Release|Any CPU
		{59D2D0CF-CCB7-4921-A7EA-E08E3F73B978}.Release|x64.Build.0 = Release|Any CPU
		{59D2D0CF-CCB7-4921-A7EA-E08E3F73B978}.Release|x86.ActiveCfg = Release|Any CPU
		{59D2D0CF-CCB7-4921-A7EA-E08E3F73B978}.Release|x86.Build.0 = Release|Any CPU
		{52389618-8A72-4AE7-A211-DFA462046437}.Debug|Any CPU.ActiveCfg = Debug|Any CPU
		{52389618-8A72-4AE7-A211-DFA462046437}.Debug|Any CPU.Build.0 = Debug|Any CPU
		{52389618-8A72-4AE7-A211-DFA462046437}.Debug|x64.ActiveCfg = Debug|Any CPU
		{52389618-8A72-4AE7-A211-DFA462046437}.Debug|x64.Build.0 = Debug|Any CPU
		{52389618-8A72-4AE7-A211-DFA462046437}.Debug|x86.ActiveCfg = Debug|Any CPU
		{52389618-8A72-4AE7-A211-DFA462046437}.Debug|x86.Build.0 = Debug|Any CPU
		{52389618-8A72-4AE7-A211-DFA462046437}.Release|Any CPU.ActiveCfg = Release|Any CPU
		{52389618-8A72-4AE7-A211-DFA462046437}.Release|Any CPU.Build.0 = Release|Any CPU
		{52389618-8A72-4AE7-A211-DFA462046437}.Release|x64.ActiveCfg = Release|Any CPU
		{52389618-8A72-4AE7-A211-DFA462046437}.Release|x64.Build.0 = Release|Any CPU
		{52389618-8A72-4AE7-A211-DFA462046437}.Release|x86.ActiveCfg = Release|Any CPU
		{52389618-8A72-4AE7-A211-DFA462046437}.Release|x86.Build.0 = Release|Any CPU
		{162CC34C-AA73-4549-858D-DC9B20C75884}.Debug|Any CPU.ActiveCfg = Debug|Any CPU
		{162CC34C-AA73-4549-858D-DC9B20C75884}.Debug|Any CPU.Build.0 = Debug|Any CPU
		{162CC34C-AA73-4549-858D-DC9B20C75884}.Debug|x64.ActiveCfg = Debug|Any CPU
		{162CC34C-AA73-4549-858D-DC9B20C75884}.Debug|x64.Build.0 = Debug|Any CPU
		{162CC34C-AA73-4549-858D-DC9B20C75884}.Debug|x86.ActiveCfg = Debug|Any CPU
		{162CC34C-AA73-4549-858D-DC9B20C75884}.Debug|x86.Build.0 = Debug|Any CPU
		{162CC34C-AA73-4549-858D-DC9B20C75884}.Release|Any CPU.ActiveCfg = Release|Any CPU
		{162CC34C-AA73-4549-858D-DC9B20C75884}.Release|Any CPU.Build.0 = Release|Any CPU
		{162CC34C-AA73-4549-858D-DC9B20C75884}.Release|x64.ActiveCfg = Release|Any CPU
		{162CC34C-AA73-4549-858D-DC9B20C75884}.Release|x64.Build.0 = Release|Any CPU
		{162CC34C-AA73-4549-858D-DC9B20C75884}.Release|x86.ActiveCfg = Release|Any CPU
		{162CC34C-AA73-4549-858D-DC9B20C75884}.Release|x86.Build.0 = Release|Any CPU
		{419BC56E-90C4-41A5-A645-AECFFE39BCBE}.Debug|Any CPU.ActiveCfg = Debug|Any CPU
		{419BC56E-90C4-41A5-A645-AECFFE39BCBE}.Debug|Any CPU.Build.0 = Debug|Any CPU
		{419BC56E-90C4-41A5-A645-AECFFE39BCBE}.Debug|x64.ActiveCfg = Debug|Any CPU
		{419BC56E-90C4-41A5-A645-AECFFE39BCBE}.Debug|x64.Build.0 = Debug|Any CPU
		{419BC56E-90C4-41A5-A645-AECFFE39BCBE}.Debug|x86.ActiveCfg = Debug|Any CPU
		{419BC56E-90C4-41A5-A645-AECFFE39BCBE}.Debug|x86.Build.0 = Debug|Any CPU
		{419BC56E-90C4-41A5-A645-AECFFE39BCBE}.Release|Any CPU.ActiveCfg = Release|Any CPU
		{419BC56E-90C4-41A5-A645-AECFFE39BCBE}.Release|Any CPU.Build.0 = Release|Any CPU
		{419BC56E-90C4-41A5-A645-AECFFE39BCBE}.Release|x64.ActiveCfg = Release|Any CPU
		{419BC56E-90C4-41A5-A645-AECFFE39BCBE}.Release|x64.Build.0 = Release|Any CPU
		{419BC56E-90C4-41A5-A645-AECFFE39BCBE}.Release|x86.ActiveCfg = Release|Any CPU
		{419BC56E-90C4-41A5-A645-AECFFE39BCBE}.Release|x86.Build.0 = Release|Any CPU
		{8983C869-A7E8-469B-8B85-1BDAF9861852}.Debug|Any CPU.ActiveCfg = Debug|Any CPU
		{8983C869-A7E8-469B-8B85-1BDAF9861852}.Debug|Any CPU.Build.0 = Debug|Any CPU
		{8983C869-A7E8-469B-8B85-1BDAF9861852}.Debug|x64.ActiveCfg = Debug|Any CPU
		{8983C869-A7E8-469B-8B85-1BDAF9861852}.Debug|x64.Build.0 = Debug|Any CPU
		{8983C869-A7E8-469B-8B85-1BDAF9861852}.Debug|x86.ActiveCfg = Debug|Any CPU
		{8983C869-A7E8-469B-8B85-1BDAF9861852}.Debug|x86.Build.0 = Debug|Any CPU
		{8983C869-A7E8-469B-8B85-1BDAF9861852}.Release|Any CPU.ActiveCfg = Release|Any CPU
		{8983C869-A7E8-469B-8B85-1BDAF9861852}.Release|Any CPU.Build.0 = Release|Any CPU
		{8983C869-A7E8-469B-8B85-1BDAF9861852}.Release|x64.ActiveCfg = Release|Any CPU
		{8983C869-A7E8-469B-8B85-1BDAF9861852}.Release|x64.Build.0 = Release|Any CPU
		{8983C869-A7E8-469B-8B85-1BDAF9861852}.Release|x86.ActiveCfg = Release|Any CPU
		{8983C869-A7E8-469B-8B85-1BDAF9861852}.Release|x86.Build.0 = Release|Any CPU
		{FF1A57CE-C649-4F2D-ABAC-5AAC14D9040E}.Debug|Any CPU.ActiveCfg = Debug|Any CPU
		{FF1A57CE-C649-4F2D-ABAC-5AAC14D9040E}.Debug|Any CPU.Build.0 = Debug|Any CPU
		{FF1A57CE-C649-4F2D-ABAC-5AAC14D9040E}.Debug|x64.ActiveCfg = Debug|Any CPU
		{FF1A57CE-C649-4F2D-ABAC-5AAC14D9040E}.Debug|x64.Build.0 = Debug|Any CPU
		{FF1A57CE-C649-4F2D-ABAC-5AAC14D9040E}.Debug|x86.ActiveCfg = Debug|Any CPU
		{FF1A57CE-C649-4F2D-ABAC-5AAC14D9040E}.Debug|x86.Build.0 = Debug|Any CPU
		{FF1A57CE-C649-4F2D-ABAC-5AAC14D9040E}.Release|Any CPU.ActiveCfg = Release|Any CPU
		{FF1A57CE-C649-4F2D-ABAC-5AAC14D9040E}.Release|Any CPU.Build.0 = Release|Any CPU
		{FF1A57CE-C649-4F2D-ABAC-5AAC14D9040E}.Release|x64.ActiveCfg = Release|Any CPU
		{FF1A57CE-C649-4F2D-ABAC-5AAC14D9040E}.Release|x64.Build.0 = Release|Any CPU
		{FF1A57CE-C649-4F2D-ABAC-5AAC14D9040E}.Release|x86.ActiveCfg = Release|Any CPU
		{FF1A57CE-C649-4F2D-ABAC-5AAC14D9040E}.Release|x86.Build.0 = Release|Any CPU
		{BC22C361-E4A6-4C1A-B5E8-70858C9EB299}.Debug|Any CPU.ActiveCfg = Debug|Any CPU
		{BC22C361-E4A6-4C1A-B5E8-70858C9EB299}.Debug|Any CPU.Build.0 = Debug|Any CPU
		{BC22C361-E4A6-4C1A-B5E8-70858C9EB299}.Debug|x64.ActiveCfg = Debug|Any CPU
		{BC22C361-E4A6-4C1A-B5E8-70858C9EB299}.Debug|x64.Build.0 = Debug|Any CPU
		{BC22C361-E4A6-4C1A-B5E8-70858C9EB299}.Debug|x86.ActiveCfg = Debug|Any CPU
		{BC22C361-E4A6-4C1A-B5E8-70858C9EB299}.Debug|x86.Build.0 = Debug|Any CPU
		{BC22C361-E4A6-4C1A-B5E8-70858C9EB299}.Release|Any CPU.ActiveCfg = Release|Any CPU
		{BC22C361-E4A6-4C1A-B5E8-70858C9EB299}.Release|Any CPU.Build.0 = Release|Any CPU
		{BC22C361-E4A6-4C1A-B5E8-70858C9EB299}.Release|x64.ActiveCfg = Release|Any CPU
		{BC22C361-E4A6-4C1A-B5E8-70858C9EB299}.Release|x64.Build.0 = Release|Any CPU
		{BC22C361-E4A6-4C1A-B5E8-70858C9EB299}.Release|x86.ActiveCfg = Release|Any CPU
		{BC22C361-E4A6-4C1A-B5E8-70858C9EB299}.Release|x86.Build.0 = Release|Any CPU
		{8EA0B58E-6466-46EE-A459-D23709E0DC7C}.Debug|Any CPU.ActiveCfg = Debug|Any CPU
		{8EA0B58E-6466-46EE-A459-D23709E0DC7C}.Debug|Any CPU.Build.0 = Debug|Any CPU
		{8EA0B58E-6466-46EE-A459-D23709E0DC7C}.Debug|x64.ActiveCfg = Debug|Any CPU
		{8EA0B58E-6466-46EE-A459-D23709E0DC7C}.Debug|x64.Build.0 = Debug|Any CPU
		{8EA0B58E-6466-46EE-A459-D23709E0DC7C}.Debug|x86.ActiveCfg = Debug|Any CPU
		{8EA0B58E-6466-46EE-A459-D23709E0DC7C}.Debug|x86.Build.0 = Debug|Any CPU
		{8EA0B58E-6466-46EE-A459-D23709E0DC7C}.Release|Any CPU.ActiveCfg = Release|Any CPU
		{8EA0B58E-6466-46EE-A459-D23709E0DC7C}.Release|Any CPU.Build.0 = Release|Any CPU
		{8EA0B58E-6466-46EE-A459-D23709E0DC7C}.Release|x64.ActiveCfg = Release|Any CPU
		{8EA0B58E-6466-46EE-A459-D23709E0DC7C}.Release|x64.Build.0 = Release|Any CPU
		{8EA0B58E-6466-46EE-A459-D23709E0DC7C}.Release|x86.ActiveCfg = Release|Any CPU
		{8EA0B58E-6466-46EE-A459-D23709E0DC7C}.Release|x86.Build.0 = Release|Any CPU
		{0571D027-00EE-4998-8C76-FB531C56046A}.Debug|Any CPU.ActiveCfg = Debug|Any CPU
		{0571D027-00EE-4998-8C76-FB531C56046A}.Debug|Any CPU.Build.0 = Debug|Any CPU
		{0571D027-00EE-4998-8C76-FB531C56046A}.Debug|x64.ActiveCfg = Debug|Any CPU
		{0571D027-00EE-4998-8C76-FB531C56046A}.Debug|x64.Build.0 = Debug|Any CPU
		{0571D027-00EE-4998-8C76-FB531C56046A}.Debug|x86.ActiveCfg = Debug|Any CPU
		{0571D027-00EE-4998-8C76-FB531C56046A}.Debug|x86.Build.0 = Debug|Any CPU
		{0571D027-00EE-4998-8C76-FB531C56046A}.Release|Any CPU.ActiveCfg = Release|Any CPU
		{0571D027-00EE-4998-8C76-FB531C56046A}.Release|Any CPU.Build.0 = Release|Any CPU
		{0571D027-00EE-4998-8C76-FB531C56046A}.Release|x64.ActiveCfg = Release|Any CPU
		{0571D027-00EE-4998-8C76-FB531C56046A}.Release|x64.Build.0 = Release|Any CPU
		{0571D027-00EE-4998-8C76-FB531C56046A}.Release|x86.ActiveCfg = Release|Any CPU
		{0571D027-00EE-4998-8C76-FB531C56046A}.Release|x86.Build.0 = Release|Any CPU
		{8DB31DD0-C5BE-4794-9762-E6F70CA96A00}.Debug|Any CPU.ActiveCfg = Debug|Any CPU
		{8DB31DD0-C5BE-4794-9762-E6F70CA96A00}.Debug|Any CPU.Build.0 = Debug|Any CPU
		{8DB31DD0-C5BE-4794-9762-E6F70CA96A00}.Debug|x64.ActiveCfg = Debug|Any CPU
		{8DB31DD0-C5BE-4794-9762-E6F70CA96A00}.Debug|x64.Build.0 = Debug|Any CPU
		{8DB31DD0-C5BE-4794-9762-E6F70CA96A00}.Debug|x86.ActiveCfg = Debug|Any CPU
		{8DB31DD0-C5BE-4794-9762-E6F70CA96A00}.Debug|x86.Build.0 = Debug|Any CPU
		{8DB31DD0-C5BE-4794-9762-E6F70CA96A00}.Release|Any CPU.ActiveCfg = Release|Any CPU
		{8DB31DD0-C5BE-4794-9762-E6F70CA96A00}.Release|Any CPU.Build.0 = Release|Any CPU
		{8DB31DD0-C5BE-4794-9762-E6F70CA96A00}.Release|x64.ActiveCfg = Release|Any CPU
		{8DB31DD0-C5BE-4794-9762-E6F70CA96A00}.Release|x64.Build.0 = Release|Any CPU
		{8DB31DD0-C5BE-4794-9762-E6F70CA96A00}.Release|x86.ActiveCfg = Release|Any CPU
		{8DB31DD0-C5BE-4794-9762-E6F70CA96A00}.Release|x86.Build.0 = Release|Any CPU
		{6F4A975A-F50A-420B-B6CC-553183281458}.Debug|Any CPU.ActiveCfg = Debug|Any CPU
		{6F4A975A-F50A-420B-B6CC-553183281458}.Debug|Any CPU.Build.0 = Debug|Any CPU
		{6F4A975A-F50A-420B-B6CC-553183281458}.Debug|x64.ActiveCfg = Debug|Any CPU
		{6F4A975A-F50A-420B-B6CC-553183281458}.Debug|x64.Build.0 = Debug|Any CPU
		{6F4A975A-F50A-420B-B6CC-553183281458}.Debug|x86.ActiveCfg = Debug|Any CPU
		{6F4A975A-F50A-420B-B6CC-553183281458}.Debug|x86.Build.0 = Debug|Any CPU
		{6F4A975A-F50A-420B-B6CC-553183281458}.Release|Any CPU.ActiveCfg = Release|Any CPU
		{6F4A975A-F50A-420B-B6CC-553183281458}.Release|Any CPU.Build.0 = Release|Any CPU
		{6F4A975A-F50A-420B-B6CC-553183281458}.Release|x64.ActiveCfg = Release|Any CPU
		{6F4A975A-F50A-420B-B6CC-553183281458}.Release|x64.Build.0 = Release|Any CPU
		{6F4A975A-F50A-420B-B6CC-553183281458}.Release|x86.ActiveCfg = Release|Any CPU
		{6F4A975A-F50A-420B-B6CC-553183281458}.Release|x86.Build.0 = Release|Any CPU
		{A15B8B94-9DFE-40F5-8681-8C81039646C3}.Debug|Any CPU.ActiveCfg = Debug|Any CPU
		{A15B8B94-9DFE-40F5-8681-8C81039646C3}.Debug|Any CPU.Build.0 = Debug|Any CPU
		{A15B8B94-9DFE-40F5-8681-8C81039646C3}.Debug|x64.ActiveCfg = Debug|Any CPU
		{A15B8B94-9DFE-40F5-8681-8C81039646C3}.Debug|x64.Build.0 = Debug|Any CPU
		{A15B8B94-9DFE-40F5-8681-8C81039646C3}.Debug|x86.ActiveCfg = Debug|Any CPU
		{A15B8B94-9DFE-40F5-8681-8C81039646C3}.Debug|x86.Build.0 = Debug|Any CPU
		{A15B8B94-9DFE-40F5-8681-8C81039646C3}.Release|Any CPU.ActiveCfg = Release|Any CPU
		{A15B8B94-9DFE-40F5-8681-8C81039646C3}.Release|Any CPU.Build.0 = Release|Any CPU
		{A15B8B94-9DFE-40F5-8681-8C81039646C3}.Release|x64.ActiveCfg = Release|Any CPU
		{A15B8B94-9DFE-40F5-8681-8C81039646C3}.Release|x64.Build.0 = Release|Any CPU
		{A15B8B94-9DFE-40F5-8681-8C81039646C3}.Release|x86.ActiveCfg = Release|Any CPU
		{A15B8B94-9DFE-40F5-8681-8C81039646C3}.Release|x86.Build.0 = Release|Any CPU
		{D5FCF5D3-BA3D-43F0-A88A-09143EB924E5}.Debug|Any CPU.ActiveCfg = Debug|Any CPU
		{D5FCF5D3-BA3D-43F0-A88A-09143EB924E5}.Debug|Any CPU.Build.0 = Debug|Any CPU
		{D5FCF5D3-BA3D-43F0-A88A-09143EB924E5}.Debug|x64.ActiveCfg = Debug|Any CPU
		{D5FCF5D3-BA3D-43F0-A88A-09143EB924E5}.Debug|x64.Build.0 = Debug|Any CPU
		{D5FCF5D3-BA3D-43F0-A88A-09143EB924E5}.Debug|x86.ActiveCfg = Debug|Any CPU
		{D5FCF5D3-BA3D-43F0-A88A-09143EB924E5}.Debug|x86.Build.0 = Debug|Any CPU
		{D5FCF5D3-BA3D-43F0-A88A-09143EB924E5}.Release|Any CPU.ActiveCfg = Release|Any CPU
		{D5FCF5D3-BA3D-43F0-A88A-09143EB924E5}.Release|Any CPU.Build.0 = Release|Any CPU
		{D5FCF5D3-BA3D-43F0-A88A-09143EB924E5}.Release|x64.ActiveCfg = Release|Any CPU
		{D5FCF5D3-BA3D-43F0-A88A-09143EB924E5}.Release|x64.Build.0 = Release|Any CPU
		{D5FCF5D3-BA3D-43F0-A88A-09143EB924E5}.Release|x86.ActiveCfg = Release|Any CPU
		{D5FCF5D3-BA3D-43F0-A88A-09143EB924E5}.Release|x86.Build.0 = Release|Any CPU
	EndGlobalSection
	GlobalSection(SolutionProperties) = preSolution
		HideSolutionNode = FALSE
	EndGlobalSection
	GlobalSection(NestedProjects) = preSolution
		{59D2D0CF-CCB7-4921-A7EA-E08E3F73B978} = {72FE9366-D37A-49F6-8D6A-E0807A1B3F19}
		{52389618-8A72-4AE7-A211-DFA462046437} = {72FE9366-D37A-49F6-8D6A-E0807A1B3F19}
		{162CC34C-AA73-4549-858D-DC9B20C75884} = {72FE9366-D37A-49F6-8D6A-E0807A1B3F19}
		{419BC56E-90C4-41A5-A645-AECFFE39BCBE} = {72FE9366-D37A-49F6-8D6A-E0807A1B3F19}
		{35CEBB8F-151B-4C70-97DD-2688C7CAB833} = {3FAC1334-8FE7-4C0E-8DE4-E60129A47C47}
		{8983C869-A7E8-469B-8B85-1BDAF9861852} = {35CEBB8F-151B-4C70-97DD-2688C7CAB833}
		{FF1A57CE-C649-4F2D-ABAC-5AAC14D9040E} = {35CEBB8F-151B-4C70-97DD-2688C7CAB833}
		{BC22C361-E4A6-4C1A-B5E8-70858C9EB299} = {83506CCE-47F7-40F5-B2AE-3E8227BDB7A0}
		{3B8BAC82-A8BF-43D3-92DA-38503428E3F1} = {3FAC1334-8FE7-4C0E-8DE4-E60129A47C47}
		{8EA0B58E-6466-46EE-A459-D23709E0DC7C} = {3B8BAC82-A8BF-43D3-92DA-38503428E3F1}
		{E54553AB-4F08-4FAA-B111-1219A0E58058} = {3FAC1334-8FE7-4C0E-8DE4-E60129A47C47}
		{0571D027-00EE-4998-8C76-FB531C56046A} = {E54553AB-4F08-4FAA-B111-1219A0E58058}
		{8DB31DD0-C5BE-4794-9762-E6F70CA96A00} = {3FAC1334-8FE7-4C0E-8DE4-E60129A47C47}
		{6F4A975A-F50A-420B-B6CC-553183281458} = {3FAC1334-8FE7-4C0E-8DE4-E60129A47C47}
		{A15B8B94-9DFE-40F5-8681-8C81039646C3} = {3FAC1334-8FE7-4C0E-8DE4-E60129A47C47}
		{D5FCF5D3-BA3D-43F0-A88A-09143EB924E5} = {3FAC1334-8FE7-4C0E-8DE4-E60129A47C47}
	EndGlobalSection
	GlobalSection(ExtensibilityGlobals) = postSolution
		SolutionGuid = {207F4409-FD05-4ADC-8806-48C5242F350A}
	EndGlobalSection
EndGlobal
